
Microsoft Visual Studio Solution File, Format Version 12.00
# Visual Studio 15
VisualStudioVersion = 15.0.27004.2005
MinimumVisualStudioVersion = 10.0.40219.1
Project("{FAE04EC0-301F-11D3-BF4B-00C04F79EFBC}") = "AlgorithmsStudies", "AlgorithmsStudies\AlgorithmsStudies.csproj", "{F731420D-C817-4DDB-AE29-0E8D7AE0EC08}"
EndProject
Global
	GlobalSection(SolutionConfigurationPlatforms) = preSolution
		Debug|Any CPU = Debug|Any CPU
		Release|Any CPU = Release|Any CPU
	EndGlobalSection
	GlobalSection(ProjectConfigurationPlatforms) = postSolution
		{F731420D-C817-4DDB-AE29-0E8D7AE0EC08}.Debug|Any CPU.ActiveCfg = Debug|Any CPU
		{F731420D-C817-4DDB-AE29-0E8D7AE0EC08}.Debug|Any CPU.Build.0 = Debug|Any CPU
		{F731420D-C817-4DDB-AE29-0E8D7AE0EC08}.Release|Any CPU.ActiveCfg = Release|Any CPU
		{F731420D-C817-4DDB-AE29-0E8D7AE0EC08}.Release|Any CPU.Build.0 = Release|Any CPU
	EndGlobalSection
	GlobalSection(SolutionProperties) = preSolution
		HideSolutionNode = FALSE
	EndGlobalSection
	GlobalSection(ExtensibilityGlobals) = postSolution
		SolutionGuid = {5047230E-9D1F-4135-9A67-F9320888AEDC}
	EndGlobalSection
EndGlobal
